// !$*UTF8*$!
{
	archiveVersion = 1;
	classes = {
	};
	objectVersion = 50;
	objects = {

/* Begin PBXBuildFile section */
		84CF20D72595BC2E009B83BD /* AppDelegate.swift in Sources */ = {isa = PBXBuildFile; fileRef = 84CF20D62595BC2E009B83BD /* AppDelegate.swift */; };
		84CF20D92595BC2E009B83BD /* SceneDelegate.swift in Sources */ = {isa = PBXBuildFile; fileRef = 84CF20D82595BC2E009B83BD /* SceneDelegate.swift */; };
		84CF20DB2595BC2E009B83BD /* ContentView.swift in Sources */ = {isa = PBXBuildFile; fileRef = 84CF20DA2595BC2E009B83BD /* ContentView.swift */; };
		84CF20DD2595BC2F009B83BD /* Assets.xcassets in Resources */ = {isa = PBXBuildFile; fileRef = 84CF20DC2595BC2F009B83BD /* Assets.xcassets */; };
		84CF20E02595BC2F009B83BD /* Preview Assets.xcassets in Resources */ = {isa = PBXBuildFile; fileRef = 84CF20DF2595BC2F009B83BD /* Preview Assets.xcassets */; };
		84CF20E32595BC2F009B83BD /* LaunchScreen.storyboard in Resources */ = {isa = PBXBuildFile; fileRef = 84CF20E12595BC2F009B83BD /* LaunchScreen.storyboard */; };
		84CF20EC2595BC63009B83BD /* TimerData.swift in Sources */ = {isa = PBXBuildFile; fileRef = 84CF20EB2595BC63009B83BD /* TimerData.swift */; };
		84CF20EF2595BED2009B83BD /* SecondView.swift in Sources */ = {isa = PBXBuildFile; fileRef = 84CF20EE2595BED2009B83BD /* SecondView.swift */; };
/* End PBXBuildFile section */

/* Begin PBXFileReference section */
		84CF20D32595BC2E009B83BD /* ObservableDemo.app */ = {isa = PBXFileReference; explicitFileType = wrapper.application; includeInIndex = 0; path = ObservableDemo.app; sourceTree = BUILT_PRODUCTS_DIR; };
		84CF20D62595BC2E009B83BD /* AppDelegate.swift */ = {isa = PBXFileReference; lastKnownFileType = sourcecode.swift; path = AppDelegate.swift; sourceTree = "<group>"; };
		84CF20D82595BC2E009B83BD /* SceneDelegate.swift */ = {isa = PBXFileReference; lastKnownFileType = sourcecode.swift; path = SceneDelegate.swift; sourceTree = "<group>"; };
		84CF20DA2595BC2E009B83BD /* ContentView.swift */ = {isa = PBXFileReference; lastKnownFileType = sourcecode.swift; path = ContentView.swift; sourceTree = "<group>"; };
		84CF20DC2595BC2F009B83BD /* Assets.xcassets */ = {isa = PBXFileReference; lastKnownFileType = folder.assetcatalog; path = Assets.xcassets; sourceTree = "<group>"; };
		84CF20DF2595BC2F009B83BD /* Preview Assets.xcassets */ = {isa = PBXFileReference; lastKnownFileType = folder.assetcatalog; path = "Preview Assets.xcassets"; sourceTree = "<group>"; };
		84CF20E22595BC2F009B83BD /* Base */ = {isa = PBXFileReference; lastKnownFileType = file.storyboard; name = Base; path = Base.lproj/LaunchScreen.storyboard; sourceTree = "<group>"; };
		84CF20E42595BC2F009B83BD /* Info.plist */ = {isa = PBXFileReference; lastKnownFileType = text.plist.xml; path = Info.plist; sourceTree = "<group>"; };
		84CF20EB2595BC63009B83BD /* TimerData.swift */ = {isa = PBXFileReference; lastKnownFileType = sourcecode.swift; path = TimerData.swift; sourceTree = "<group>"; };
		84CF20EE2595BED2009B83BD /* SecondView.swift */ = {isa = PBXFileReference; lastKnownFileType = sourcecode.swift; path = SecondView.swift; sourceTree = "<group>"; };
/* End PBXFileReference section */

/* Begin PBXFrameworksBuildPhase section */
		84CF20D02595BC2E009B83BD /* Frameworks */ = {
			isa = PBXFrameworksBuildPhase;
			buildActionMask = 2147483647;
			files = (
			);
			runOnlyForDeploymentPostprocessing = 0;
		};
/* End PBXFrameworksBuildPhase section */

/* Begin PBXGroup section */
		84CF20CA2595BC2E009B83BD = {
			isa = PBXGroup;
			children = (
				84CF20D52595BC2E009B83BD /* ObservableDemo */,
				84CF20D42595BC2E009B83BD /* Products */,
			);
			sourceTree = "<group>";
		};
		84CF20D42595BC2E009B83BD /* Products */ = {
			isa = PBXGroup;
			children = (
				84CF20D32595BC2E009B83BD /* ObservableDemo.app */,
			);
			name = Products;
			sourceTree = "<group>";
		};
		84CF20D52595BC2E009B83BD /* ObservableDemo */ = {
			isa = PBXGroup;
			children = (
				84CF20D62595BC2E009B83BD /* AppDelegate.swift */,
				84CF20D82595BC2E009B83BD /* SceneDelegate.swift */,
				84CF20DA2595BC2E009B83BD /* ContentView.swift */,
				84CF20EE2595BED2009B83BD /* SecondView.swift */,
				84CF20EB2595BC63009B83BD /* TimerData.swift */,
				84CF20DC2595BC2F009B83BD /* Assets.xcassets */,
				84CF20E12595BC2F009B83BD /* LaunchScreen.storyboard */,
				84CF20E42595BC2F009B83BD /* Info.plist */,
				84CF20DE2595BC2F009B83BD /* Preview Content */,
			);
			path = ObservableDemo;
			sourceTree = "<group>";
		};
		84CF20DE2595BC2F009B83BD /* Preview Content */ = {
			isa = PBXGroup;
			children = (
				84CF20DF2595BC2F009B83BD /* Preview Assets.xcassets */,
			);
			path = "Preview Content";
			sourceTree = "<group>";
		};
/* End PBXGroup section */

/* Begin PBXNativeTarget section */
		84CF20D22595BC2E009B83BD /* ObservableDemo */ = {
			isa = PBXNativeTarget;
			buildConfigurationList = 84CF20E72595BC2F009B83BD /* Build configuration list for PBXNativeTarget "ObservableDemo" */;
			buildPhases = (
				84CF20CF2595BC2E009B83BD /* Sources */,
				84CF20D02595BC2E009B83BD /* Frameworks */,
				84CF20D12595BC2E009B83BD /* Resources */,
			);
			buildRules = (
			);
			dependencies = (
			);
			name = ObservableDemo;
			productName = ObservableDemo;
			productReference = 84CF20D32595BC2E009B83BD /* ObservableDemo.app */;
			productType = "com.apple.product-type.application";
		};
/* End PBXNativeTarget section */

/* Begin PBXProject section */
		84CF20CB2595BC2E009B83BD /* Project object */ = {
			isa = PBXProject;
			attributes = {
				LastSwiftUpdateCheck = 1230;
				LastUpgradeCheck = 1230;
				TargetAttributes = {
					84CF20D22595BC2E009B83BD = {
						CreatedOnToolsVersion = 12.3;
					};
				};
			};
			buildConfigurationList = 84CF20CE2595BC2E009B83BD /* Build configuration list for PBXProject "ObservableDemo" */;
			compatibilityVersion = "Xcode 9.3";
			developmentRegion = en;
			hasScannedForEncodings = 0;
			knownRegions = (
				en,
				Base,
			);
			mainGroup = 84CF20CA2595BC2E009B83BD;
			productRefGroup = 84CF20D42595BC2E009B83BD /* Products */;
			projectDirPath = "";
			projectRoot = "";
			targets = (
				84CF20D22595BC2E009B83BD /* ObservableDemo */,
			);
		};
/* End PBXProject section */

/* Begin PBXResourcesBuildPhase section */
		84CF20D12595BC2E009B83BD /* Resources */ = {
			isa = PBXResourcesBuildPhase;
			buildActionMask = 2147483647;
			files = (
				84CF20E32595BC2F009B83BD /* LaunchScreen.storyboard in Resources */,
				84CF20E02595BC2F009B83BD /* Preview Assets.xcassets in Resources */,
				84CF20DD2595BC2F009B83BD /* Assets.xcassets in Resources */,
			);
			runOnlyForDeploymentPostprocessing = 0;
		};
/* End PBXResourcesBuildPhase section */

/* Begin PBXSourcesBuildPhase section */
		84CF20CF2595BC2E009B83BD /* Sources */ = {
			isa = PBXSourcesBuildPhase;
			buildActionMask = 2147483647;
			files = (
				84CF20D72595BC2E009B83BD /* AppDelegate.swift in Sources */,
				84CF20EF2595BED2009B83BD /* SecondView.swift in Sources */,
				84CF20EC2595BC63009B83BD /* TimerData.swift in Sources */,
				84CF20D92595BC2E009B83BD /* SceneDelegate.swift in Sources */,
				84CF20DB2595BC2E009B83BD /* ContentView.swift in Sources */,
			);
			runOnlyForDeploymentPostprocessing = 0;
		};
/* End PBXSourcesBuildPhase section */

/* Begin PBXVariantGroup section */
		84CF20E12595BC2F009B83BD /* LaunchScreen.storyboard */ = {
			isa = PBXVariantGroup;
			children = (
				84CF20E22595BC2F009B83BD /* Base */,
			);
			name = LaunchScreen.storyboard;
			sourceTree = "<group>";
		};
/* End PBXVariantGroup section */

/* Begin XCBuildConfiguration section */
		84CF20E52595BC2F009B83BD /* Debug */ = {
			isa = XCBuildConfiguration;
			buildSettings = {
				ALWAYS_SEARCH_USER_PATHS = NO;
				CLANG_ANALYZER_NONNULL = YES;
				CLANG_ANALYZER_NUMBER_OBJECT_CONVERSION = YES_AGGRESSIVE;
				CLANG_CXX_LANGUAGE_STANDARD = "gnu++14";
				CLANG_CXX_LIBRARY = "libc++";
				CLANG_ENABLE_MODULES = YES;
				CLANG_ENABLE_OBJC_ARC = YES;
				CLANG_ENABLE_OBJC_WEAK = YES;
				CLANG_WARN_BLOCK_CAPTURE_AUTORELEASING = YES;
				CLANG_WARN_BOOL_CONVERSION = YES;
				CLANG_WARN_COMMA = YES;
				CLANG_WARN_CONSTANT_CONVERSION = YES;
				CLANG_WARN_DEPRECATED_OBJC_IMPLEMENTATIONS = YES;
				CLANG_WARN_DIRECT_OBJC_ISA_USAGE = YES_ERROR;
				CLANG_WARN_DOCUMENTATION_COMMENTS = YES;
				CLANG_WARN_EMPTY_BODY = YES;
				CLANG_WARN_ENUM_CONVERSION = YES;
				CLANG_WARN_INFINITE_RECURSION = YES;
				CLANG_WARN_INT_CONVERSION = YES;
				CLANG_WARN_NON_LITERAL_NULL_CONVERSION = YES;
				CLANG_WARN_OBJC_IMPLICIT_RETAIN_SELF = YES;
				CLANG_WARN_OBJC_LITERAL_CONVERSION = YES;
				CLANG_WARN_OBJC_ROOT_CLASS = YES_ERROR;
				CLANG_WARN_QUOTED_INCLUDE_IN_FRAMEWORK_HEADER = YES;
				CLANG_WARN_RANGE_LOOP_ANALYSIS = YES;
				CLANG_WARN_STRICT_PROTOTYPES = YES;
				CLANG_WARN_SUSPICIOUS_MOVE = YES;
				CLANG_WARN_UNGUARDED_AVAILABILITY = YES_AGGRESSIVE;
				CLANG_WARN_UNREACHABLE_CODE = YES;
				CLANG_WARN__DUPLICATE_METHOD_MATCH = YES;
				COPY_PHASE_STRIP = NO;
				DEBUG_INFORMATION_FORMAT = dwarf;
				ENABLE_STRICT_OBJC_MSGSEND = YES;
				ENABLE_TESTABILITY = YES;
				GCC_C_LANGUAGE_STANDARD = gnu11;
				GCC_DYNAMIC_NO_PIC = NO;
				GCC_NO_COMMON_BLOCKS = YES;
				GCC_OPTIMIZATION_LEVEL = 0;
				GCC_PREPROCESSOR_DEFINITIONS = (
					"DEBUG=1",
					"$(inherited)",
				);
				GCC_WARN_64_TO_32_BIT_CONVERSION = YES;
				GCC_WARN_ABOUT_RETURN_TYPE = YES_ERROR;
				GCC_WARN_UNDECLARED_SELECTOR = YES;
				GCC_WARN_UNINITIALIZED_AUTOS = YES_AGGRESSIVE;
				GCC_WARN_UNUSED_FUNCTION = YES;
				GCC_WARN_UNUSED_VARIABLE = YES;
				IPHONEOS_DEPLOYMENT_TARGET = 14.3;
				MTL_ENABLE_DEBUG_INFO = INCLUDE_SOURCE;
				MTL_FAST_MATH = YES;
				ONLY_ACTIVE_ARCH = YES;
				SDKROOT = iphoneos;
				SWIFT_ACTIVE_COMPILATION_CONDITIONS = DEBUG;
				SWIFT_OPTIMIZATION_LEVEL = "-Onone";
			};
			name = Debug;
		};
		84CF20E62595BC2F009B83BD /* Release */ = {
			isa = XCBuildConfiguration;
			buildSettings = {
				ALWAYS_SEARCH_USER_PATHS = NO;
				CLANG_ANALYZER_NONNULL = YES;
				CLANG_ANALYZER_NUMBER_OBJECT_CONVERSION = YES_AGGRESSIVE;
				CLANG_CXX_LANGUAGE_STANDARD = "gnu++14";
				CLANG_CXX_LIBRARY = "libc++";
				CLANG_ENABLE_MODULES = YES;
				CLANG_ENABLE_OBJC_ARC = YES;
				CLANG_ENABLE_OBJC_WEAK = YES;
				CLANG_WARN_BLOCK_CAPTURE_AUTORELEASING = YES;
				CLANG_WARN_BOOL_CONVERSION = YES;
				CLANG_WARN_COMMA = YES;
				CLANG_WARN_CONSTANT_CONVERSION = YES;
				CLANG_WARN_DEPRECATED_OBJC_IMPLEMENTATIONS = YES;
				CLANG_WARN_DIRECT_OBJC_ISA_USAGE = YES_ERROR;
				CLANG_WARN_DOCUMENTATION_COMMENTS = YES;
				CLANG_WARN_EMPTY_BODY = YES;
				CLANG_WARN_ENUM_CONVERSION = YES;
				CLANG_WARN_INFINITE_RECURSION = YES;
				CLANG_WARN_INT_CONVERSION = YES;
				CLANG_WARN_NON_LITERAL_NULL_CONVERSION = YES;
				CLANG_WARN_OBJC_IMPLICIT_RETAIN_SELF = YES;
				CLANG_WARN_OBJC_LITERAL_CONVERSION = YES;
				CLANG_WARN_OBJC_ROOT_CLASS = YES_ERROR;
				CLANG_WARN_QUOTED_INCLUDE_IN_FRAMEWORK_HEADER = YES;
				CLANG_WARN_RANGE_LOOP_ANALYSIS = YES;
				CLANG_WARN_STRICT_PROTOTYPES = YES;
				CLANG_WARN_SUSPICIOUS_MOVE = YES;
				CLANG_WARN_UNGUARDED_AVAILABILITY = YES_AGGRESSIVE;
				CLANG_WARN_UNREACHABLE_CODE = YES;
				CLANG_WARN__DUPLICATE_METHOD_MATCH = YES;
				COPY_PHASE_STRIP = NO;
				DEBUG_INFORMATION_FORMAT = "dwarf-with-dsym";
				ENABLE_NS_ASSERTIONS = NO;
				ENABLE_STRICT_OBJC_MSGSEND = YES;
				GCC_C_LANGUAGE_STANDARD = gnu11;
				GCC_NO_COMMON_BLOCKS = YES;
				GCC_WARN_64_TO_32_BIT_CONVERSION = YES;
				GCC_WARN_ABOUT_RETURN_TYPE = YES_ERROR;
				GCC_WARN_UNDECLARED_SELECTOR = YES;
				GCC_WARN_UNINITIALIZED_AUTOS = YES_AGGRESSIVE;
				GCC_WARN_UNUSED_FUNCTION = YES;
				GCC_WARN_UNUSED_VARIABLE = YES;
				IPHONEOS_DEPLOYMENT_TARGET = 14.3;
				MTL_ENABLE_DEBUG_INFO = NO;
				MTL_FAST_MATH = YES;
				SDKROOT = iphoneos;
				SWIFT_COMPILATION_MODE = wholemodule;
				SWIFT_OPTIMIZATION_LEVEL = "-O";
				VALIDATE_PRODUCT = YES;
			};
			name = Release;
		};
		84CF20E82595BC2F009B83BD /* Debug */ = {
			isa = XCBuildConfiguration;
			buildSettings = {
				ASSETCATALOG_COMPILER_APPICON_NAME = AppIcon;
				ASSETCATALOG_COMPILER_GLOBAL_ACCENT_COLOR_NAME = AccentColor;
				CODE_SIGN_STYLE = Automatic;
				DEVELOPMENT_ASSET_PATHS = "\"ObservableDemo/Preview Content\"";
				DEVELOPMENT_TEAM = 24K6M9A7PF;
				ENABLE_PREVIEWS = YES;
				INFOPLIST_FILE = ObservableDemo/Info.plist;
				LD_RUNPATH_SEARCH_PATHS = (
					"$(inherited)",
					"@executable_path/Frameworks",
				);
				PRODUCT_BUNDLE_IDENTIFIER = gangslee.ObservableDemo;
				PRODUCT_NAME = "$(TARGET_NAME)";
				SWIFT_VERSION = 5.0;
				TARGETED_DEVICE_FAMILY = "1,2";
			};
			name = Debug;
		};
		84CF20E92595BC2F009B83BD /* Release */ = {
			isa = XCBuildConfiguration;
			buildSettings = {
				ASSETCATALOG_COMPILER_APPICON_NAME = AppIcon;
				ASSETCATALOG_COMPILER_GLOBAL_ACCENT_COLOR_NAME = AccentColor;
				CODE_SIGN_STYLE = Automatic;
				DEVELOPMENT_ASSET_PATHS = "\"ObservableDemo/Preview Content\"";
				DEVELOPMENT_TEAM = 24K6M9A7PF;
				ENABLE_PREVIEWS = YES;
				INFOPLIST_FILE = ObservableDemo/Info.plist;
				LD_RUNPATH_SEARCH_PATHS = (
					"$(inherited)",
					"@executable_path/Frameworks",
				);
				PRODUCT_BUNDLE_IDENTIFIER = gangslee.ObservableDemo;
				PRODUCT_NAME = "$(TARGET_NAME)";
				SWIFT_VERSION = 5.0;
				TARGETED_DEVICE_FAMILY = "1,2";
			};
			name = Release;
		};
/* End XCBuildConfiguration section */

/* Begin XCConfigurationList section */
		84CF20CE2595BC2E009B83BD /* Build configuration list for PBXProject "ObservableDemo" */ = {
			isa = XCConfigurationList;
			buildConfigurations = (
				84CF20E52595BC2F009B83BD /* Debug */,
				84CF20E62595BC2F009B83BD /* Release */,
			);
			defaultConfigurationIsVisible = 0;
			defaultConfigurationName = Release;
		};
		84CF20E72595BC2F009B83BD /* Build configuration list for PBXNativeTarget "ObservableDemo" */ = {
			isa = XCConfigurationList;
			buildConfigurations = (
				84CF20E82595BC2F009B83BD /* Debug */,
				84CF20E92595BC2F009B83BD /* Release */,
			);
			defaultConfigurationIsVisible = 0;
			defaultConfigurationName = Release;
		};
/* End XCConfigurationList section */
	};
	rootObject = 84CF20CB2595BC2E009B83BD /* Project object */;
}
